# This file is automatically @generated by Cargo.
# It is not intended for manual editing.
[[package]]
name = "autocfg"
version = "0.1.7"
source = "registry+https://github.com/rust-lang/crates.io-index"

[[package]]
name = "hessian_rs"
version = "0.0.1"
dependencies = [
 "ordered-float 1.0.2 (registry+https://github.com/rust-lang/crates.io-index)",
]

[[package]]
name = "num-traits"
version = "0.2.8"
source = "registry+https://github.com/rust-lang/crates.io-index"
dependencies = [
 "autocfg 0.1.7 (registry+https://github.com/rust-lang/crates.io-index)",
]

[[package]]
name = "ordered-float"
version = "1.0.2"
source = "registry+https://github.com/rust-lang/crates.io-index"
dependencies = [
 "num-traits 0.2.8 (registry+https://github.com/rust-lang/crates.io-index)",
]

[metadata]
"checksum autocfg 0.1.7 (registry+https://github.com/rust-lang/crates.io-index)" = "1d49d90015b3c36167a20fe2810c5cd875ad504b39cff3d4eae7977e6b7c1cb2"
"checksum num-traits 0.2.8 (registry+https://github.com/rust-lang/crates.io-index)" = "6ba9a427cfca2be13aa6f6403b0b7e7368fe982bfa16fccc450ce74c46cd9b32"
"checksum ordered-float 1.0.2 (registry+https://github.com/rust-lang/crates.io-index)" = "18869315e81473c951eb56ad5558bbc56978562d3ecfb87abb7a1e944cea4518"
